
Microsoft Visual Studio Solution File, Format Version 12.00
# Visual Studio Version 17
VisualStudioVersion = 17.10.34928.147
MinimumVisualStudioVersion = 10.0.40219.1
Project("{FAE04EC0-301F-11D3-BF4B-00C04F79EFBC}") = "ip-validation", "ip-validation.csproj", "{ABB9190E-77B2-4903-A863-8E693E80F47E}"
EndProject
Global
	GlobalSection(SolutionConfigurationPlatforms) = preSolution
		Debug|Any CPU = Debug|Any CPU
		Release|Any CPU = Release|Any CPU
	EndGlobalSection
	GlobalSection(ProjectConfigurationPlatforms) = postSolution
		{ABB9190E-77B2-4903-A863-8E693E80F47E}.Debug|Any CPU.ActiveCfg = Debug|Any CPU
		{ABB9190E-77B2-4903-A863-8E693E80F47E}.Debug|Any CPU.Build.0 = Debug|Any CPU
		{ABB9190E-77B2-4903-A863-8E693E80F47E}.Release|Any CPU.ActiveCfg = Release|Any CPU
		{ABB9190E-77B2-4903-A863-8E693E80F47E}.Release|Any CPU.Build.0 = Release|Any CPU
	EndGlobalSection
	GlobalSection(SolutionProperties) = preSolution
		HideSolutionNode = FALSE
	EndGlobalSection
	GlobalSection(ExtensibilityGlobals) = postSolution
		SolutionGuid = {6873F456-99FB-41AF-8DE8-CAC60E2D38A5}
	EndGlobalSection
EndGlobal
